// !$*UTF8*$!
{
	archiveVersion = 1;
	classes = {
	};
	objectVersion = 46;
	objects = {

/* Begin PBXBuildFile section */
		A90528C5195ED005004A54C4 /* AppDelegate.swift in Sources */ = {isa = PBXBuildFile; fileRef = A90528C4195ED005004A54C4 /* AppDelegate.swift */; };
		A90528C8195ED005004A54C4 /* iPrescription.xcdatamodeld in Sources */ = {isa = PBXBuildFile; fileRef = A90528C6195ED005004A54C4 /* iPrescription.xcdatamodeld */; };
		A90528CA195ED005004A54C4 /* Images.xcassets in Resources */ = {isa = PBXBuildFile; fileRef = A90528C9195ED005004A54C4 /* Images.xcassets */; };
		A90528D6195ED005004A54C4 /* iPrescriptionTests.swift in Sources */ = {isa = PBXBuildFile; fileRef = A90528D5195ED005004A54C4 /* iPrescriptionTests.swift */; };
/* End PBXBuildFile section */

/* Begin PBXContainerItemProxy section */
		A90528D0195ED005004A54C4 /* PBXContainerItemProxy */ = {
			isa = PBXContainerItemProxy;
			containerPortal = A90528B7195ED005004A54C4 /* Project object */;
			proxyType = 1;
			remoteGlobalIDString = A90528BE195ED005004A54C4;
			remoteInfo = iPrescription;
		};
/* End PBXContainerItemProxy section */

/* Begin PBXFileReference section */
		A90528BF195ED005004A54C4 /* iPrescription.app */ = {isa = PBXFileReference; explicitFileType = wrapper.application; includeInIndex = 0; path = iPrescription.app; sourceTree = BUILT_PRODUCTS_DIR; };
		A90528C3195ED005004A54C4 /* Info.plist */ = {isa = PBXFileReference; lastKnownFileType = text.plist.xml; path = Info.plist; sourceTree = "<group>"; };
		A90528C4195ED005004A54C4 /* AppDelegate.swift */ = {isa = PBXFileReference; lastKnownFileType = sourcecode.swift; path = AppDelegate.swift; sourceTree = "<group>"; };
		A90528C7195ED005004A54C4 /* iPrescription.xcdatamodel */ = {isa = PBXFileReference; lastKnownFileType = wrapper.xcdatamodel; path = iPrescription.xcdatamodel; sourceTree = "<group>"; };
		A90528C9195ED005004A54C4 /* Images.xcassets */ = {isa = PBXFileReference; lastKnownFileType = folder.assetcatalog; path = Images.xcassets; sourceTree = "<group>"; };
		A90528CF195ED005004A54C4 /* iPrescriptionTests.xctest */ = {isa = PBXFileReference; explicitFileType = wrapper.cfbundle; includeInIndex = 0; path = iPrescriptionTests.xctest; sourceTree = BUILT_PRODUCTS_DIR; };
		A90528D4195ED005004A54C4 /* Info.plist */ = {isa = PBXFileReference; lastKnownFileType = text.plist.xml; path = Info.plist; sourceTree = "<group>"; };
		A90528D5195ED005004A54C4 /* iPrescriptionTests.swift */ = {isa = PBXFileReference; lastKnownFileType = sourcecode.swift; path = iPrescriptionTests.swift; sourceTree = "<group>"; };
/* End PBXFileReference section */

/* Begin PBXFrameworksBuildPhase section */
		A90528BC195ED005004A54C4 /* Frameworks */ = {
			isa = PBXFrameworksBuildPhase;
			buildActionMask = 2147483647;
			files = (
			);
			runOnlyForDeploymentPostprocessing = 0;
		};
		A90528CC195ED005004A54C4 /* Frameworks */ = {
			isa = PBXFrameworksBuildPhase;
			buildActionMask = 2147483647;
			files = (
			);
			runOnlyForDeploymentPostprocessing = 0;
		};
/* End PBXFrameworksBuildPhase section */

/* Begin PBXGroup section */
		A90528B6195ED005004A54C4 = {
			isa = PBXGroup;
			children = (
				A90528C1195ED005004A54C4 /* iPrescription */,
				A90528D2195ED005004A54C4 /* iPrescriptionTests */,
				A90528C0195ED005004A54C4 /* Products */,
			);
			sourceTree = "<group>";
		};
		A90528C0195ED005004A54C4 /* Products */ = {
			isa = PBXGroup;
			children = (
				A90528BF195ED005004A54C4 /* iPrescription.app */,
				A90528CF195ED005004A54C4 /* iPrescriptionTests.xctest */,
			);
			name = Products;
			sourceTree = "<group>";
		};
		A90528C1195ED005004A54C4 /* iPrescription */ = {
			isa = PBXGroup;
			children = (
				A90528C4195ED005004A54C4 /* AppDelegate.swift */,
				A90528C9195ED005004A54C4 /* Images.xcassets */,
				A90528C6195ED005004A54C4 /* iPrescription.xcdatamodeld */,
				A90528C2195ED005004A54C4 /* Supporting Files */,
			);
			path = iPrescription;
			sourceTree = "<group>";
		};
		A90528C2195ED005004A54C4 /* Supporting Files */ = {
			isa = PBXGroup;
			children = (
				A90528C3195ED005004A54C4 /* Info.plist */,
			);
			name = "Supporting Files";
			sourceTree = "<group>";
		};
		A90528D2195ED005004A54C4 /* iPrescriptionTests */ = {
			isa = PBXGroup;
			children = (
				A90528D5195ED005004A54C4 /* iPrescriptionTests.swift */,
				A90528D3195ED005004A54C4 /* Supporting Files */,
			);
			path = iPrescriptionTests;
			sourceTree = "<group>";
		};
		A90528D3195ED005004A54C4 /* Supporting Files */ = {
			isa = PBXGroup;
			children = (
				A90528D4195ED005004A54C4 /* Info.plist */,
			);
			name = "Supporting Files";
			sourceTree = "<group>";
		};
/* End PBXGroup section */

/* Begin PBXNativeTarget section */
		A90528BE195ED005004A54C4 /* iPrescription */ = {
			isa = PBXNativeTarget;
			buildConfigurationList = A90528D9195ED005004A54C4 /* Build configuration list for PBXNativeTarget "iPrescription" */;
			buildPhases = (
				A90528BB195ED005004A54C4 /* Sources */,
				A90528BC195ED005004A54C4 /* Frameworks */,
				A90528BD195ED005004A54C4 /* Resources */,
			);
			buildRules = (
			);
			dependencies = (
			);
			name = iPrescription;
			productName = iPrescription;
			productReference = A90528BF195ED005004A54C4 /* iPrescription.app */;
			productType = "com.apple.product-type.application";
		};
		A90528CE195ED005004A54C4 /* iPrescriptionTests */ = {
			isa = PBXNativeTarget;
			buildConfigurationList = A90528DC195ED005004A54C4 /* Build configuration list for PBXNativeTarget "iPrescriptionTests" */;
			buildPhases = (
				A90528CB195ED005004A54C4 /* Sources */,
				A90528CC195ED005004A54C4 /* Frameworks */,
				A90528CD195ED005004A54C4 /* Resources */,
			);
			buildRules = (
			);
			dependencies = (
				A90528D1195ED005004A54C4 /* PBXTargetDependency */,
			);
			name = iPrescriptionTests;
			productName = iPrescriptionTests;
			productReference = A90528CF195ED005004A54C4 /* iPrescriptionTests.xctest */;
			productType = "com.apple.product-type.bundle.unit-test";
		};
/* End PBXNativeTarget section */

/* Begin PBXProject section */
		A90528B7195ED005004A54C4 /* Project object */ = {
			isa = PBXProject;
			attributes = {
				LastUpgradeCheck = 0600;
				ORGANIZATIONNAME = "Marco Salafia";
				TargetAttributes = {
					A90528BE195ED005004A54C4 = {
						CreatedOnToolsVersion = 6.0;
					};
					A90528CE195ED005004A54C4 = {
						CreatedOnToolsVersion = 6.0;
						TestTargetID = A90528BE195ED005004A54C4;
					};
				};
			};
			buildConfigurationList = A90528BA195ED005004A54C4 /* Build configuration list for PBXProject "iPrescription" */;
			compatibilityVersion = "Xcode 3.2";
			developmentRegion = English;
			hasScannedForEncodings = 0;
			knownRegions = (
				en,
			);
			mainGroup = A90528B6195ED005004A54C4;
			productRefGroup = A90528C0195ED005004A54C4 /* Products */;
			projectDirPath = "";
			projectRoot = "";
			targets = (
				A90528BE195ED005004A54C4 /* iPrescription */,
				A90528CE195ED005004A54C4 /* iPrescriptionTests */,
			);
		};
/* End PBXProject section */

/* Begin PBXResourcesBuildPhase section */
		A90528BD195ED005004A54C4 /* Resources */ = {
			isa = PBXResourcesBuildPhase;
			buildActionMask = 2147483647;
			files = (
				A90528CA195ED005004A54C4 /* Images.xcassets in Resources */,
			);
			runOnlyForDeploymentPostprocessing = 0;
		};
		A90528CD195ED005004A54C4 /* Resources */ = {
			isa = PBXResourcesBuildPhase;
			buildActionMask = 2147483647;
			files = (
			);
			runOnlyForDeploymentPostprocessing = 0;
		};
/* End PBXResourcesBuildPhase section */

/* Begin PBXSourcesBuildPhase section */
		A90528BB195ED005004A54C4 /* Sources */ = {
			isa = PBXSourcesBuildPhase;
			buildActionMask = 2147483647;
			files = (
				A90528C5195ED005004A54C4 /* AppDelegate.swift in Sources */,
				A90528C8195ED005004A54C4 /* iPrescription.xcdatamodeld in Sources */,
			);
			runOnlyForDeploymentPostprocessing = 0;
		};
		A90528CB195ED005004A54C4 /* Sources */ = {
			isa = PBXSourcesBuildPhase;
			buildActionMask = 2147483647;
			files = (
				A90528D6195ED005004A54C4 /* iPrescriptionTests.swift in Sources */,
			);
			runOnlyForDeploymentPostprocessing = 0;
		};
/* End PBXSourcesBuildPhase section */

/* Begin PBXTargetDependency section */
		A90528D1195ED005004A54C4 /* PBXTargetDependency */ = {
			isa = PBXTargetDependency;
			target = A90528BE195ED005004A54C4 /* iPrescription */;
			targetProxy = A90528D0195ED005004A54C4 /* PBXContainerItemProxy */;
		};
/* End PBXTargetDependency section */

/* Begin XCBuildConfiguration section */
		A90528D7195ED005004A54C4 /* Debug */ = {
			isa = XCBuildConfiguration;
			buildSettings = {
				ALWAYS_SEARCH_USER_PATHS = NO;
				CLANG_CXX_LANGUAGE_STANDARD = "gnu++0x";
				CLANG_CXX_LIBRARY = "libc++";
				CLANG_ENABLE_MODULES = YES;
				CLANG_ENABLE_OBJC_ARC = YES;
				CLANG_WARN_BOOL_CONVERSION = YES;
				CLANG_WARN_CONSTANT_CONVERSION = YES;
				CLANG_WARN_DIRECT_OBJC_ISA_USAGE = YES_ERROR;
				CLANG_WARN_EMPTY_BODY = YES;
				CLANG_WARN_ENUM_CONVERSION = YES;
				CLANG_WARN_INT_CONVERSION = YES;
				CLANG_WARN_OBJC_ROOT_CLASS = YES_ERROR;
				CLANG_WARN_UNREACHABLE_CODE = YES;
				CLANG_WARN__DUPLICATE_METHOD_MATCH = YES;
				"CODE_SIGN_IDENTITY[sdk=iphoneos*]" = "iPhone Developer";
				COPY_PHASE_STRIP = NO;
				ENABLE_STRICT_OBJC_MSGSEND = YES;
				GCC_C_LANGUAGE_STANDARD = gnu99;
				GCC_DYNAMIC_NO_PIC = NO;
				GCC_OPTIMIZATION_LEVEL = 0;
				GCC_PREPROCESSOR_DEFINITIONS = (
					"DEBUG=1",
					"$(inherited)",
				);
				GCC_SYMBOLS_PRIVATE_EXTERN = NO;
				GCC_WARN_64_TO_32_BIT_CONVERSION = YES;
				GCC_WARN_ABOUT_RETURN_TYPE = YES_ERROR;
				GCC_WARN_UNDECLARED_SELECTOR = YES;
				GCC_WARN_UNINITIALIZED_AUTOS = YES_AGGRESSIVE;
				GCC_WARN_UNUSED_FUNCTION = YES;
				GCC_WARN_UNUSED_VARIABLE = YES;
				IPHONEOS_DEPLOYMENT_TARGET = 8.0;
				METAL_ENABLE_DEBUG_INFO = YES;
				ONLY_ACTIVE_ARCH = YES;
				SDKROOT = iphoneos;
				SWIFT_OPTIMIZATION_LEVEL = "-Onone";
			};
			name = Debug;
		};
		A90528D8195ED005004A54C4 /* Release */ = {
			isa = XCBuildConfiguration;
			buildSettings = {
				ALWAYS_SEARCH_USER_PATHS = NO;
				CLANG_CXX_LANGUAGE_STANDARD = "gnu++0x";
				CLANG_CXX_LIBRARY = "libc++";
				CLANG_ENABLE_MODULES = YES;
				CLANG_ENABLE_OBJC_ARC = YES;
				CLANG_WARN_BOOL_CONVERSION = YES;
				CLANG_WARN_CONSTANT_CONVERSION = YES;
				CLANG_WARN_DIRECT_OBJC_ISA_USAGE = YES_ERROR;
				CLANG_WARN_EMPTY_BODY = YES;
				CLANG_WARN_ENUM_CONVERSION = YES;
				CLANG_WARN_INT_CONVERSION = YES;
				CLANG_WARN_OBJC_ROOT_CLASS = YES_ERROR;
				CLANG_WARN_UNREACHABLE_CODE = YES;
				CLANG_WARN__DUPLICATE_METHOD_MATCH = YES;
				"CODE_SIGN_IDENTITY[sdk=iphoneos*]" = "iPhone Developer";
				COPY_PHASE_STRIP = YES;
				ENABLE_NS_ASSERTIONS = NO;
				ENABLE_STRICT_OBJC_MSGSEND = YES;
				GCC_C_LANGUAGE_STANDARD = gnu99;
				GCC_WARN_64_TO_32_BIT_CONVERSION = YES;
				GCC_WARN_ABOUT_RETURN_TYPE = YES_ERROR;
				GCC_WARN_UNDECLARED_SELECTOR = YES;
				GCC_WARN_UNINITIALIZED_AUTOS = YES_AGGRESSIVE;
				GCC_WARN_UNUSED_FUNCTION = YES;
				GCC_WARN_UNUSED_VARIABLE = YES;
				IPHONEOS_DEPLOYMENT_TARGET = 8.0;
				METAL_ENABLE_DEBUG_INFO = NO;
				SDKROOT = iphoneos;
				VALIDATE_PRODUCT = YES;
			};
			name = Release;
		};
		A90528DA195ED005004A54C4 /* Debug */ = {
			isa = XCBuildConfiguration;
			buildSettings = {
				ASSETCATALOG_COMPILER_APPICON_NAME = AppIcon;
				ASSETCATALOG_COMPILER_LAUNCHIMAGE_NAME = LaunchImage;
				INFOPLIST_FILE = iPrescription/Info.plist;
				LD_RUNPATH_SEARCH_PATHS = "$(inherited) @executable_path/Frameworks";
				PRODUCT_NAME = "$(TARGET_NAME)";
			};
			name = Debug;
		};
		A90528DB195ED005004A54C4 /* Release */ = {
			isa = XCBuildConfiguration;
			buildSettings = {
				ASSETCATALOG_COMPILER_APPICON_NAME = AppIcon;
				ASSETCATALOG_COMPILER_LAUNCHIMAGE_NAME = LaunchImage;
				INFOPLIST_FILE = iPrescription/Info.plist;
				LD_RUNPATH_SEARCH_PATHS = "$(inherited) @executable_path/Frameworks";
				PRODUCT_NAME = "$(TARGET_NAME)";
			};
			name = Release;
		};
		A90528DD195ED005004A54C4 /* Debug */ = {
			isa = XCBuildConfiguration;
			buildSettings = {
				BUNDLE_LOADER = "$(BUILT_PRODUCTS_DIR)/iPrescription.app/iPrescription";
				FRAMEWORK_SEARCH_PATHS = (
					"$(SDKROOT)/Developer/Library/Frameworks",
					"$(inherited)",
				);
				GCC_PREPROCESSOR_DEFINITIONS = (
					"DEBUG=1",
					"$(inherited)",
				);
				INFOPLIST_FILE = iPrescriptionTests/Info.plist;
				LD_RUNPATH_SEARCH_PATHS = "$(inherited) @executable_path/Frameworks @loader_path/Frameworks";
				METAL_ENABLE_DEBUG_INFO = YES;
				PRODUCT_NAME = "$(TARGET_NAME)";
				TEST_HOST = "$(BUNDLE_LOADER)";
			};
			name = Debug;
		};
		A90528DE195ED005004A54C4 /* Release */ = {
			isa = XCBuildConfiguration;
			buildSettings = {
				BUNDLE_LOADER = "$(BUILT_PRODUCTS_DIR)/iPrescription.app/iPrescription";
				FRAMEWORK_SEARCH_PATHS = (
					"$(SDKROOT)/Developer/Library/Frameworks",
					"$(inherited)",
				);
				INFOPLIST_FILE = iPrescriptionTests/Info.plist;
				LD_RUNPATH_SEARCH_PATHS = "$(inherited) @executable_path/Frameworks @loader_path/Frameworks";
				METAL_ENABLE_DEBUG_INFO = NO;
				PRODUCT_NAME = "$(TARGET_NAME)";
				TEST_HOST = "$(BUNDLE_LOADER)";
			};
			name = Release;
		};
/* End XCBuildConfiguration section */

/* Begin XCConfigurationList section */
		A90528BA195ED005004A54C4 /* Build configuration list for PBXProject "iPrescription" */ = {
			isa = XCConfigurationList;
			buildConfigurations = (
				A90528D7195ED005004A54C4 /* Debug */,
				A90528D8195ED005004A54C4 /* Release */,
			);
			defaultConfigurationIsVisible = 0;
			defaultConfigurationName = Release;
		};
		A90528D9195ED005004A54C4 /* Build configuration list for PBXNativeTarget "iPrescription" */ = {
			isa = XCConfigurationList;
			buildConfigurations = (
				A90528DA195ED005004A54C4 /* Debug */,
				A90528DB195ED005004A54C4 /* Release */,
			);
			defaultConfigurationIsVisible = 0;
		};
		A90528DC195ED005004A54C4 /* Build configuration list for PBXNativeTarget "iPrescriptionTests" */ = {
			isa = XCConfigurationList;
			buildConfigurations = (
				A90528DD195ED005004A54C4 /* Debug */,
				A90528DE195ED005004A54C4 /* Release */,
			);
			defaultConfigurationIsVisible = 0;
		};
/* End XCConfigurationList section */

/* Begin XCVersionGroup section */
		A90528C6195ED005004A54C4 /* iPrescription.xcdatamodeld */ = {
			isa = XCVersionGroup;
			children = (
				A90528C7195ED005004A54C4 /* iPrescription.xcdatamodel */,
			);
			currentVersion = A90528C7195ED005004A54C4 /* iPrescription.xcdatamodel */;
			path = iPrescription.xcdatamodeld;
			sourceTree = "<group>";
			versionGroupType = wrapper.xcdatamodel;
		};
/* End XCVersionGroup section */
	};
	rootObject = A90528B7195ED005004A54C4 /* Project object */;
}
