// !$*UTF8*$!
{
	archiveVersion = 1;
	classes = {
	};
	objectVersion = 46;
	objects = {

/* Begin PBXBuildFile section */
		A90528C8195ED005004A54C4 /* iPrescription.xcdatamodeld in Sources */ = {isa = PBXBuildFile; fileRef = A90528C6195ED005004A54C4 /* iPrescription.xcdatamodeld */; };
		A90528CA195ED005004A54C4 /* Images.xcassets in Resources */ = {isa = PBXBuildFile; fileRef = A90528C9195ED005004A54C4 /* Images.xcassets */; };
		A912E60519D1D18C00DE2DB0 /* ChangeDateTableViewController.swift in Sources */ = {isa = PBXBuildFile; fileRef = A912E60419D1D18C00DE2DB0 /* ChangeDateTableViewController.swift */; };
		A9372A951B88D8DF000F696B /* NotifictionsListController.swift in Sources */ = {isa = PBXBuildFile; fileRef = A9372A941B88D8DF000F696B /* NotifictionsListController.swift */; };
		A938D48D1B8143E2004DC7B0 /* DrugDetailController.swift in Sources */ = {isa = PBXBuildFile; fileRef = A938D48C1B8143E2004DC7B0 /* DrugDetailController.swift */; };
		A94068DE1981B37900149057 /* NotificationTableViewCell.swift in Sources */ = {isa = PBXBuildFile; fileRef = A94068DD1981B37900149057 /* NotificationTableViewCell.swift */; };
		A94864381B9DFDAE002542D8 /* Main2.storyboard in Resources */ = {isa = PBXBuildFile; fileRef = A948643A1B9DFDAE002542D8 /* Main2.storyboard */; };
		A948643F1B9DFF71002542D8 /* InfoPlist.strings in Resources */ = {isa = PBXBuildFile; fileRef = A94864411B9DFF71002542D8 /* InfoPlist.strings */; };
		A94864441B9DFF72002542D8 /* InfoPlist.strings in Resources */ = {isa = PBXBuildFile; fileRef = A94864461B9DFF72002542D8 /* InfoPlist.strings */; };
		A94864491B9DFF72002542D8 /* Localizable.strings in Resources */ = {isa = PBXBuildFile; fileRef = A948644B1B9DFF72002542D8 /* Localizable.strings */; };
		A94B30AA1B9E04C200EF1E9A /* icona trasparente.png in Resources */ = {isa = PBXBuildFile; fileRef = A94B30A91B9E04C200EF1E9A /* icona trasparente.png */; settings = {ASSET_TAGS = (); }; };
		A94B30AF1B9E0F1900EF1E9A /* notifica azioni.png in Resources */ = {isa = PBXBuildFile; fileRef = A94B30B11B9E0F1900EF1E9A /* notifica azioni.png */; };
		A94B30B61B9E102300EF1E9A /* aggiungi notifica.png in Resources */ = {isa = PBXBuildFile; fileRef = A94B30B81B9E102300EF1E9A /* aggiungi notifica.png */; };
		A94B30BA1B9E102D00EF1E9A /* modifica.png in Resources */ = {isa = PBXBuildFile; fileRef = A94B30BC1B9E102D00EF1E9A /* modifica.png */; };
		A94B30BE1B9E103700EF1E9A /* dettaglio.png in Resources */ = {isa = PBXBuildFile; fileRef = A94B30C01B9E103700EF1E9A /* dettaglio.png */; };
		A96314241B8E21A9005BC7A0 /* LaunchScreen.storyboard in Resources */ = {isa = PBXBuildFile; fileRef = A96314231B8E21A9005BC7A0 /* LaunchScreen.storyboard */; };
		A974D64A1966BD4800E27F1B /* PrescriptionTableViewCell.swift in Sources */ = {isa = PBXBuildFile; fileRef = A974D6491966BD4800E27F1B /* PrescriptionTableViewCell.swift */; };
		A974D64D1966C05A00E27F1B /* MedicineTableViewCell.swift in Sources */ = {isa = PBXBuildFile; fileRef = A974D64C1966C05A00E27F1B /* MedicineTableViewCell.swift */; };
		A97D81A319CC2EF60010E7A4 /* add_notification.png in Resources */ = {isa = PBXBuildFile; fileRef = A97D81A219CC2EF60010E7A4 /* add_notification.png */; };
		A97D81A519CC2EFD0010E7A4 /* all_notification.png in Resources */ = {isa = PBXBuildFile; fileRef = A97D81A419CC2EFD0010E7A4 /* all_notification.png */; };
		A982EFAB1B7678EA008C238E /* PrescriptionList.swift in Sources */ = {isa = PBXBuildFile; fileRef = A982EFAA1B7678EA008C238E /* PrescriptionList.swift */; };
		A982EFAE1B7680AE008C238E /* PrescriptionTableViewController.swift in Sources */ = {isa = PBXBuildFile; fileRef = A982EFAD1B7680AE008C238E /* PrescriptionTableViewController.swift */; };
		A982EFB01B76AD87008C238E /* ModelClasses.swift in Sources */ = {isa = PBXBuildFile; fileRef = A982EFAF1B76AD87008C238E /* ModelClasses.swift */; };
		A98D27B51B8FC1E000A70E02 /* Extensions.swift in Sources */ = {isa = PBXBuildFile; fileRef = A98D27B41B8FC1E000A70E02 /* Extensions.swift */; settings = {ASSET_TAGS = (); }; };
		A98D95491B8C6CE50013680B /* SoundManager.swift in Sources */ = {isa = PBXBuildFile; fileRef = A98D95481B8C6CE50013680B /* SoundManager.swift */; };
		A98FFF661976D54D0059E74A /* AddNotificationTableViewController.swift in Sources */ = {isa = PBXBuildFile; fileRef = A98FFF651976D54D0059E74A /* AddNotificationTableViewController.swift */; };
		A993B63F1B77B9570017349F /* AddDrugFormController.swift in Sources */ = {isa = PBXBuildFile; fileRef = A993B63E1B77B9570017349F /* AddDrugFormController.swift */; };
		A99CA93D1993D0AB00A388BD /* PageViewController.swift in Sources */ = {isa = PBXBuildFile; fileRef = A99CA93C1993D0AB00A388BD /* PageViewController.swift */; };
		A99CA9421993FD5A00A388BD /* alarm_trasparente.png in Resources */ = {isa = PBXBuildFile; fileRef = A99CA9411993FD5A00A388BD /* alarm_trasparente.png */; };
		A99CCBA11B7A952200F446A1 /* DrugTableViewController.swift in Sources */ = {isa = PBXBuildFile; fileRef = A99CCBA01B7A952200F446A1 /* DrugTableViewController.swift */; };
		A9BF51C719CAE82200F62DC0 /* about-50@2x.png in Resources */ = {isa = PBXBuildFile; fileRef = A9BF51C619CAE82200F62DC0 /* about-50@2x.png */; };
		A9D0F95D1B8F78720006E24F /* RateReminder.swift in Sources */ = {isa = PBXBuildFile; fileRef = A9D0F95C1B8F78720006E24F /* RateReminder.swift */; settings = {ASSET_TAGS = (); }; };
		A9DCB0D71B8F5F81004ABCBB /* InfoViewController.swift in Sources */ = {isa = PBXBuildFile; fileRef = A9DCB0D61B8F5F81004ABCBB /* InfoViewController.swift */; settings = {ASSET_TAGS = (); }; };
		A9DCB0D91B8F5FAF004ABCBB /* FirstTutorialViewController.swift in Sources */ = {isa = PBXBuildFile; fileRef = A9DCB0D81B8F5FAF004ABCBB /* FirstTutorialViewController.swift */; settings = {ASSET_TAGS = (); }; };
		A9E00CC81977E495007AA5B8 /* Opening.m4r in Resources */ = {isa = PBXBuildFile; fileRef = A9E00CC71977E495007AA5B8 /* Opening.m4r */; };
		A9E25E7C1B79255800DAF7EF /* PrescriptionEditingPerformer.swift in Sources */ = {isa = PBXBuildFile; fileRef = A9E25E7B1B79255800DAF7EF /* PrescriptionEditingPerformer.swift */; };
		A9E27B341B8F10F600F537E6 /* InfoPageViewController.swift in Sources */ = {isa = PBXBuildFile; fileRef = A9E27B331B8F10F600F537E6 /* InfoPageViewController.swift */; settings = {ASSET_TAGS = (); }; };
		A9E371831B776C9500A69480 /* PrescriptionAddingPerfrmer.swift in Sources */ = {isa = PBXBuildFile; fileRef = A9E371821B776C9400A69480 /* PrescriptionAddingPerfrmer.swift */; };
		A9E59BF51B93673800F24C05 /* drug.png in Resources */ = {isa = PBXBuildFile; fileRef = A9E59BF31B93673800F24C05 /* drug.png */; settings = {ASSET_TAGS = (); }; };
		A9E59BF61B93673800F24C05 /* prescription.png in Resources */ = {isa = PBXBuildFile; fileRef = A9E59BF41B93673800F24C05 /* prescription.png */; settings = {ASSET_TAGS = (); }; };
		A9EDF9D91B8C753D00AD7408 /* AppDelegate.swift in Sources */ = {isa = PBXBuildFile; fileRef = A9EDF9D81B8C753D00AD7408 /* AppDelegate.swift */; };
		A9F2B4841B936F130005A688 /* IPrescriptionStyleKit.swift in Sources */ = {isa = PBXBuildFile; fileRef = A9F2B4831B936F130005A688 /* IPrescriptionStyleKit.swift */; settings = {ASSET_TAGS = (); }; };
		A9FB835E1BAB32F20040B7B3 /* ModelLayerTests.swift in Sources */ = {isa = PBXBuildFile; fileRef = A9FB835D1BAB32F20040B7B3 /* ModelLayerTests.swift */; settings = {ASSET_TAGS = (); }; };
		A9FDA80619805F79002E0F0D /* chord.m4r in Resources */ = {isa = PBXBuildFile; fileRef = A9FDA80519805F79002E0F0D /* chord.m4r */; };
		A9FDA80719805F79002E0F0D /* chord.m4r in Resources */ = {isa = PBXBuildFile; fileRef = A9FDA80519805F79002E0F0D /* chord.m4r */; };
/* End PBXBuildFile section */

/* Begin PBXContainerItemProxy section */
		A90528D0195ED005004A54C4 /* PBXContainerItemProxy */ = {
			isa = PBXContainerItemProxy;
			containerPortal = A90528B7195ED005004A54C4 /* Project object */;
			proxyType = 1;
			remoteGlobalIDString = A90528BE195ED005004A54C4;
			remoteInfo = iPrescription;
		};
		A940A4A2197ECD2500F7852F /* PBXContainerItemProxy */ = {
			isa = PBXContainerItemProxy;
			containerPortal = A90528B7195ED005004A54C4 /* Project object */;
			proxyType = 1;
			remoteGlobalIDString = A90528BE195ED005004A54C4;
			remoteInfo = iPrescription;
		};
		A9FB857F197EA53300724D16 /* PBXContainerItemProxy */ = {
			isa = PBXContainerItemProxy;
			containerPortal = A90528B7195ED005004A54C4 /* Project object */;
			proxyType = 1;
			remoteGlobalIDString = A90528BE195ED005004A54C4;
			remoteInfo = iPrescription;
		};
/* End PBXContainerItemProxy section */

/* Begin PBXFileReference section */
		A90528BF195ED005004A54C4 /* iPrescription.app */ = {isa = PBXFileReference; explicitFileType = wrapper.application; includeInIndex = 0; path = iPrescription.app; sourceTree = BUILT_PRODUCTS_DIR; };
		A90528C3195ED005004A54C4 /* Info.plist */ = {isa = PBXFileReference; lastKnownFileType = text.plist.xml; path = Info.plist; sourceTree = "<group>"; };
		A90528C7195ED005004A54C4 /* iPrescription.xcdatamodel */ = {isa = PBXFileReference; lastKnownFileType = wrapper.xcdatamodel; path = iPrescription.xcdatamodel; sourceTree = "<group>"; };
		A90528C9195ED005004A54C4 /* Images.xcassets */ = {isa = PBXFileReference; lastKnownFileType = folder.assetcatalog; path = Images.xcassets; sourceTree = "<group>"; };
		A90528CF195ED005004A54C4 /* iPrescriptionTests.xctest */ = {isa = PBXFileReference; explicitFileType = wrapper.cfbundle; includeInIndex = 0; path = iPrescriptionTests.xctest; sourceTree = BUILT_PRODUCTS_DIR; };
		A90528D4195ED005004A54C4 /* Info.plist */ = {isa = PBXFileReference; lastKnownFileType = text.plist.xml; path = Info.plist; sourceTree = "<group>"; };
		A912E60419D1D18C00DE2DB0 /* ChangeDateTableViewController.swift */ = {isa = PBXFileReference; fileEncoding = 4; lastKnownFileType = sourcecode.swift; path = ChangeDateTableViewController.swift; sourceTree = "<group>"; };
		A925F48119C6249600024C84 /* iPrescription 1.0.1a.xcdatamodel */ = {isa = PBXFileReference; lastKnownFileType = wrapper.xcdatamodel; path = "iPrescription 1.0.1a.xcdatamodel"; sourceTree = "<group>"; };
		A9372A941B88D8DF000F696B /* NotifictionsListController.swift */ = {isa = PBXFileReference; fileEncoding = 4; lastKnownFileType = sourcecode.swift; path = NotifictionsListController.swift; sourceTree = "<group>"; };
		A938D48C1B8143E2004DC7B0 /* DrugDetailController.swift */ = {isa = PBXFileReference; fileEncoding = 4; lastKnownFileType = sourcecode.swift; path = DrugDetailController.swift; sourceTree = "<group>"; };
		A94068DD1981B37900149057 /* NotificationTableViewCell.swift */ = {isa = PBXFileReference; fileEncoding = 4; lastKnownFileType = sourcecode.swift; path = NotificationTableViewCell.swift; sourceTree = "<group>"; };
		A948643B1B9DFDBB002542D8 /* Base */ = {isa = PBXFileReference; lastKnownFileType = file.storyboard; name = Base; path = Base.lproj/Main2.storyboard; sourceTree = "<group>"; };
		A948643C1B9DFDDB002542D8 /* en */ = {isa = PBXFileReference; lastKnownFileType = text.plist.strings; name = en; path = en.lproj/Main2.strings; sourceTree = "<group>"; };
		A94864401B9DFF71002542D8 /* en */ = {isa = PBXFileReference; lastKnownFileType = text.plist.strings; name = en; path = en.lproj/InfoPlist.strings; sourceTree = "<group>"; };
		A94864451B9DFF72002542D8 /* en */ = {isa = PBXFileReference; lastKnownFileType = text.plist.strings; name = en; path = en.lproj/InfoPlist.strings; sourceTree = "<group>"; };
		A948644A1B9DFF72002542D8 /* en */ = {isa = PBXFileReference; lastKnownFileType = text.plist.strings; name = en; path = en.lproj/Localizable.strings; sourceTree = "<group>"; };
		A94B30A91B9E04C200EF1E9A /* icona trasparente.png */ = {isa = PBXFileReference; lastKnownFileType = image.png; path = "icona trasparente.png"; sourceTree = "<group>"; };
		A94B30B01B9E0F1900EF1E9A /* Base */ = {isa = PBXFileReference; lastKnownFileType = image.png; name = Base; path = "Base.lproj/notifica azioni.png"; sourceTree = "<group>"; };
		A94B30B51B9E0FA100EF1E9A /* en */ = {isa = PBXFileReference; lastKnownFileType = image.png; name = en; path = "en.lproj/notifica azioni.png"; sourceTree = "<group>"; };
		A94B30B71B9E102300EF1E9A /* Base */ = {isa = PBXFileReference; lastKnownFileType = image.png; name = Base; path = "Base.lproj/aggiungi notifica.png"; sourceTree = "<group>"; };
		A94B30B91B9E102800EF1E9A /* en */ = {isa = PBXFileReference; lastKnownFileType = image.png; name = en; path = "en.lproj/aggiungi notifica.png"; sourceTree = "<group>"; };
		A94B30BB1B9E102D00EF1E9A /* Base */ = {isa = PBXFileReference; lastKnownFileType = image.png; name = Base; path = Base.lproj/modifica.png; sourceTree = "<group>"; };
		A94B30BD1B9E103200EF1E9A /* en */ = {isa = PBXFileReference; lastKnownFileType = image.png; name = en; path = en.lproj/modifica.png; sourceTree = "<group>"; };
		A94B30BF1B9E103700EF1E9A /* Base */ = {isa = PBXFileReference; lastKnownFileType = image.png; name = Base; path = Base.lproj/dettaglio.png; sourceTree = "<group>"; };
		A94B30C11B9E103900EF1E9A /* en */ = {isa = PBXFileReference; lastKnownFileType = image.png; name = en; path = en.lproj/dettaglio.png; sourceTree = "<group>"; };
		A96314231B8E21A9005BC7A0 /* LaunchScreen.storyboard */ = {isa = PBXFileReference; fileEncoding = 4; lastKnownFileType = file.storyboard; path = LaunchScreen.storyboard; sourceTree = "<group>"; };
		A974D6491966BD4800E27F1B /* PrescriptionTableViewCell.swift */ = {isa = PBXFileReference; fileEncoding = 4; lastKnownFileType = sourcecode.swift; path = PrescriptionTableViewCell.swift; sourceTree = "<group>"; };
		A974D64C1966C05A00E27F1B /* MedicineTableViewCell.swift */ = {isa = PBXFileReference; fileEncoding = 4; lastKnownFileType = sourcecode.swift; path = MedicineTableViewCell.swift; sourceTree = "<group>"; };
		A97D81A219CC2EF60010E7A4 /* add_notification.png */ = {isa = PBXFileReference; lastKnownFileType = image.png; path = add_notification.png; sourceTree = "<group>"; };
		A97D81A419CC2EFD0010E7A4 /* all_notification.png */ = {isa = PBXFileReference; lastKnownFileType = image.png; path = all_notification.png; sourceTree = "<group>"; };
		A982EFAA1B7678EA008C238E /* PrescriptionList.swift */ = {isa = PBXFileReference; fileEncoding = 4; lastKnownFileType = sourcecode.swift; path = PrescriptionList.swift; sourceTree = "<group>"; };
		A982EFAD1B7680AE008C238E /* PrescriptionTableViewController.swift */ = {isa = PBXFileReference; fileEncoding = 4; lastKnownFileType = sourcecode.swift; path = PrescriptionTableViewController.swift; sourceTree = "<group>"; };
		A982EFAF1B76AD87008C238E /* ModelClasses.swift */ = {isa = PBXFileReference; fileEncoding = 4; lastKnownFileType = sourcecode.swift; path = ModelClasses.swift; sourceTree = "<group>"; };
		A98D27B41B8FC1E000A70E02 /* Extensions.swift */ = {isa = PBXFileReference; fileEncoding = 4; lastKnownFileType = sourcecode.swift; path = Extensions.swift; sourceTree = "<group>"; };
		A98D95481B8C6CE50013680B /* SoundManager.swift */ = {isa = PBXFileReference; fileEncoding = 4; lastKnownFileType = sourcecode.swift; path = SoundManager.swift; sourceTree = "<group>"; };
		A98FFF651976D54D0059E74A /* AddNotificationTableViewController.swift */ = {isa = PBXFileReference; fileEncoding = 4; lastKnownFileType = sourcecode.swift; path = AddNotificationTableViewController.swift; sourceTree = "<group>"; };
		A993B63E1B77B9570017349F /* AddDrugFormController.swift */ = {isa = PBXFileReference; fileEncoding = 4; lastKnownFileType = sourcecode.swift; path = AddDrugFormController.swift; sourceTree = "<group>"; };
		A99CA93C1993D0AB00A388BD /* PageViewController.swift */ = {isa = PBXFileReference; fileEncoding = 4; lastKnownFileType = sourcecode.swift; path = PageViewController.swift; sourceTree = "<group>"; };
		A99CA9411993FD5A00A388BD /* alarm_trasparente.png */ = {isa = PBXFileReference; lastKnownFileType = image.png; path = alarm_trasparente.png; sourceTree = "<group>"; };
		A99CCBA01B7A952200F446A1 /* DrugTableViewController.swift */ = {isa = PBXFileReference; fileEncoding = 4; lastKnownFileType = sourcecode.swift; path = DrugTableViewController.swift; sourceTree = "<group>"; };
		A9BF51C619CAE82200F62DC0 /* about-50@2x.png */ = {isa = PBXFileReference; lastKnownFileType = image.png; path = "about-50@2x.png"; sourceTree = "<group>"; };
		A9D0F95C1B8F78720006E24F /* RateReminder.swift */ = {isa = PBXFileReference; fileEncoding = 4; lastKnownFileType = sourcecode.swift; path = RateReminder.swift; sourceTree = "<group>"; };
		A9DCB0D61B8F5F81004ABCBB /* InfoViewController.swift */ = {isa = PBXFileReference; fileEncoding = 4; lastKnownFileType = sourcecode.swift; path = InfoViewController.swift; sourceTree = "<group>"; };
		A9DCB0D81B8F5FAF004ABCBB /* FirstTutorialViewController.swift */ = {isa = PBXFileReference; fileEncoding = 4; lastKnownFileType = sourcecode.swift; path = FirstTutorialViewController.swift; sourceTree = "<group>"; };
		A9E00CC71977E495007AA5B8 /* Opening.m4r */ = {isa = PBXFileReference; lastKnownFileType = file; path = Opening.m4r; sourceTree = "<group>"; };
		A9E25E7B1B79255800DAF7EF /* PrescriptionEditingPerformer.swift */ = {isa = PBXFileReference; fileEncoding = 4; lastKnownFileType = sourcecode.swift; path = PrescriptionEditingPerformer.swift; sourceTree = "<group>"; };
		A9E27B331B8F10F600F537E6 /* InfoPageViewController.swift */ = {isa = PBXFileReference; fileEncoding = 4; lastKnownFileType = sourcecode.swift; path = InfoPageViewController.swift; sourceTree = "<group>"; };
		A9E371821B776C9400A69480 /* PrescriptionAddingPerfrmer.swift */ = {isa = PBXFileReference; fileEncoding = 4; lastKnownFileType = sourcecode.swift; path = PrescriptionAddingPerfrmer.swift; sourceTree = "<group>"; };
		A9E59BF31B93673800F24C05 /* drug.png */ = {isa = PBXFileReference; lastKnownFileType = image.png; path = drug.png; sourceTree = "<group>"; };
		A9E59BF41B93673800F24C05 /* prescription.png */ = {isa = PBXFileReference; lastKnownFileType = image.png; path = prescription.png; sourceTree = "<group>"; };
		A9EDF9D81B8C753D00AD7408 /* AppDelegate.swift */ = {isa = PBXFileReference; fileEncoding = 4; lastKnownFileType = sourcecode.swift; path = AppDelegate.swift; sourceTree = "<group>"; };
		A9F2B4831B936F130005A688 /* IPrescriptionStyleKit.swift */ = {isa = PBXFileReference; fileEncoding = 4; lastKnownFileType = sourcecode.swift; path = IPrescriptionStyleKit.swift; sourceTree = "<group>"; };
		A9FB835D1BAB32F20040B7B3 /* ModelLayerTests.swift */ = {isa = PBXFileReference; fileEncoding = 4; lastKnownFileType = sourcecode.swift; path = ModelLayerTests.swift; sourceTree = "<group>"; };
		A9FDA80519805F79002E0F0D /* chord.m4r */ = {isa = PBXFileReference; lastKnownFileType = file; path = chord.m4r; sourceTree = "<group>"; };
/* End PBXFileReference section */

/* Begin PBXFrameworksBuildPhase section */
		A90528BC195ED005004A54C4 /* Frameworks */ = {
			isa = PBXFrameworksBuildPhase;
			buildActionMask = 2147483647;
			files = (
			);
			runOnlyForDeploymentPostprocessing = 0;
		};
		A90528CC195ED005004A54C4 /* Frameworks */ = {
			isa = PBXFrameworksBuildPhase;
			buildActionMask = 2147483647;
			files = (
			);
			runOnlyForDeploymentPostprocessing = 0;
		};
/* End PBXFrameworksBuildPhase section */

/* Begin PBXGroup section */
		A90528B6195ED005004A54C4 = {
			isa = PBXGroup;
			children = (
				A959425319896C40005F1A05 /* Storyboards */,
				A90528C1195ED005004A54C4 /* iPrescription */,
				A90528D2195ED005004A54C4 /* iPrescriptionTests */,
				A90528C0195ED005004A54C4 /* Products */,
			);
			sourceTree = "<group>";
		};
		A90528C0195ED005004A54C4 /* Products */ = {
			isa = PBXGroup;
			children = (
				A90528BF195ED005004A54C4 /* iPrescription.app */,
				A90528CF195ED005004A54C4 /* iPrescriptionTests.xctest */,
			);
			name = Products;
			sourceTree = "<group>";
		};
		A90528C1195ED005004A54C4 /* iPrescription */ = {
			isa = PBXGroup;
			children = (
				A93F888B1B921CC100A571AF /* StyleKit */,
				A982EFAC1B768064008C238E /* Controllers */,
				A982EFA91B7678C9008C238E /* Model */,
				A99CA93E1993D1C200A388BD /* Utility Class */,
				A974D64B1966C02B00E27F1B /* Custom Cells */,
				A90528C9195ED005004A54C4 /* Images.xcassets */,
				A90528C6195ED005004A54C4 /* iPrescription.xcdatamodeld */,
				A9AACFF41965C2F800C61B44 /* Images */,
				A90528C2195ED005004A54C4 /* Supporting Files */,
			);
			path = iPrescription;
			sourceTree = "<group>";
		};
		A90528C2195ED005004A54C4 /* Supporting Files */ = {
			isa = PBXGroup;
			children = (
				A948644B1B9DFF72002542D8 /* Localizable.strings */,
				A94864461B9DFF72002542D8 /* InfoPlist.strings */,
				A9FDA80519805F79002E0F0D /* chord.m4r */,
				A9E00CC71977E495007AA5B8 /* Opening.m4r */,
				A90528C3195ED005004A54C4 /* Info.plist */,
			);
			name = "Supporting Files";
			sourceTree = "<group>";
		};
		A90528D2195ED005004A54C4 /* iPrescriptionTests */ = {
			isa = PBXGroup;
			children = (
				A9FB835D1BAB32F20040B7B3 /* ModelLayerTests.swift */,
				A90528D3195ED005004A54C4 /* Supporting Files */,
			);
			path = iPrescriptionTests;
			sourceTree = "<group>";
		};
		A90528D3195ED005004A54C4 /* Supporting Files */ = {
			isa = PBXGroup;
			children = (
				A94864411B9DFF71002542D8 /* InfoPlist.strings */,
				A90528D4195ED005004A54C4 /* Info.plist */,
			);
			name = "Supporting Files";
			sourceTree = "<group>";
		};
		A93F888B1B921CC100A571AF /* StyleKit */ = {
			isa = PBXGroup;
			children = (
				A9F2B4831B936F130005A688 /* IPrescriptionStyleKit.swift */,
			);
			name = StyleKit;
			sourceTree = "<group>";
		};
		A959425319896C40005F1A05 /* Storyboards */ = {
			isa = PBXGroup;
			children = (
				A948643A1B9DFDAE002542D8 /* Main2.storyboard */,
				A96314231B8E21A9005BC7A0 /* LaunchScreen.storyboard */,
			);
			name = Storyboards;
			sourceTree = "<group>";
		};
		A974D64B1966C02B00E27F1B /* Custom Cells */ = {
			isa = PBXGroup;
			children = (
				A974D6491966BD4800E27F1B /* PrescriptionTableViewCell.swift */,
				A974D64C1966C05A00E27F1B /* MedicineTableViewCell.swift */,
				A94068DD1981B37900149057 /* NotificationTableViewCell.swift */,
			);
			name = "Custom Cells";
			sourceTree = "<group>";
		};
		A9778C1D1B8F1F3600F952E7 /* Screenshot 2.0 */ = {
			isa = PBXGroup;
			children = (
				A94B30B11B9E0F1900EF1E9A /* notifica azioni.png */,
				A94B30B81B9E102300EF1E9A /* aggiungi notifica.png */,
				A94B30BC1B9E102D00EF1E9A /* modifica.png */,
				A94B30C01B9E103700EF1E9A /* dettaglio.png */,
			);
			name = "Screenshot 2.0";
			sourceTree = "<group>";
		};
		A982EFA91B7678C9008C238E /* Model */ = {
			isa = PBXGroup;
			children = (
				A982EFAA1B7678EA008C238E /* PrescriptionList.swift */,
				A982EFAF1B76AD87008C238E /* ModelClasses.swift */,
			);
			name = Model;
			sourceTree = "<group>";
		};
		A982EFAC1B768064008C238E /* Controllers */ = {
			isa = PBXGroup;
			children = (
				A9EDF9D81B8C753D00AD7408 /* AppDelegate.swift */,
				A982EFAD1B7680AE008C238E /* PrescriptionTableViewController.swift */,
				A993B63E1B77B9570017349F /* AddDrugFormController.swift */,
				A99CCBA01B7A952200F446A1 /* DrugTableViewController.swift */,
				A938D48C1B8143E2004DC7B0 /* DrugDetailController.swift */,
				A912E60419D1D18C00DE2DB0 /* ChangeDateTableViewController.swift */,
				A98FFF651976D54D0059E74A /* AddNotificationTableViewController.swift */,
				A9372A941B88D8DF000F696B /* NotifictionsListController.swift */,
				A9E27B331B8F10F600F537E6 /* InfoPageViewController.swift */,
				A9DCB0D61B8F5F81004ABCBB /* InfoViewController.swift */,
				A9DCB0D81B8F5FAF004ABCBB /* FirstTutorialViewController.swift */,
			);
			name = Controllers;
			sourceTree = "<group>";
		};
		A99CA93E1993D1C200A388BD /* Utility Class */ = {
			isa = PBXGroup;
			children = (
				A9E371821B776C9400A69480 /* PrescriptionAddingPerfrmer.swift */,
				A9E25E7B1B79255800DAF7EF /* PrescriptionEditingPerformer.swift */,
				A99CA93C1993D0AB00A388BD /* PageViewController.swift */,
				A98D95481B8C6CE50013680B /* SoundManager.swift */,
				A9D0F95C1B8F78720006E24F /* RateReminder.swift */,
				A98D27B41B8FC1E000A70E02 /* Extensions.swift */,
			);
			name = "Utility Class";
			sourceTree = "<group>";
		};
		A9AACFF41965C2F800C61B44 /* Images */ = {
			isa = PBXGroup;
			children = (
				A9E59BF31B93673800F24C05 /* drug.png */,
				A9E59BF41B93673800F24C05 /* prescription.png */,
				A9778C1D1B8F1F3600F952E7 /* Screenshot 2.0 */,
				A99CA9411993FD5A00A388BD /* alarm_trasparente.png */,
				A97D81A219CC2EF60010E7A4 /* add_notification.png */,
				A97D81A419CC2EFD0010E7A4 /* all_notification.png */,
				A9BF51C619CAE82200F62DC0 /* about-50@2x.png */,
				A94B30A91B9E04C200EF1E9A /* icona trasparente.png */,
			);
			name = Images;
			sourceTree = "<group>";
		};
/* End PBXGroup section */

/* Begin PBXNativeTarget section */
		A90528BE195ED005004A54C4 /* iPrescription */ = {
			isa = PBXNativeTarget;
			buildConfigurationList = A90528D9195ED005004A54C4 /* Build configuration list for PBXNativeTarget "iPrescription" */;
			buildPhases = (
				A90528BB195ED005004A54C4 /* Sources */,
				A90528BC195ED005004A54C4 /* Frameworks */,
				A90528BD195ED005004A54C4 /* Resources */,
				A9E875FE19CC864F00BC574C /* ShellScript */,
			);
			buildRules = (
			);
			dependencies = (
			);
			name = iPrescription;
			productName = iPrescription;
			productReference = A90528BF195ED005004A54C4 /* iPrescription.app */;
			productType = "com.apple.product-type.application";
		};
		A90528CE195ED005004A54C4 /* iPrescriptionTests */ = {
			isa = PBXNativeTarget;
			buildConfigurationList = A90528DC195ED005004A54C4 /* Build configuration list for PBXNativeTarget "iPrescriptionTests" */;
			buildPhases = (
				A90528CB195ED005004A54C4 /* Sources */,
				A90528CC195ED005004A54C4 /* Frameworks */,
				A90528CD195ED005004A54C4 /* Resources */,
			);
			buildRules = (
			);
			dependencies = (
				A90528D1195ED005004A54C4 /* PBXTargetDependency */,
				A9FB8580197EA53300724D16 /* PBXTargetDependency */,
				A940A4A3197ECD2500F7852F /* PBXTargetDependency */,
			);
			name = iPrescriptionTests;
			productName = iPrescriptionTests;
			productReference = A90528CF195ED005004A54C4 /* iPrescriptionTests.xctest */;
			productType = "com.apple.product-type.bundle.unit-test";
		};
/* End PBXNativeTarget section */

/* Begin PBXProject section */
		A90528B7195ED005004A54C4 /* Project object */ = {
			isa = PBXProject;
			attributes = {
				LastSwiftMigration = 0700;
				LastSwiftUpdateCheck = 0700;
				LastUpgradeCheck = 0700;
				ORGANIZATIONNAME = "Marco Salafia";
				TargetAttributes = {
					A90528BE195ED005004A54C4 = {
						CreatedOnToolsVersion = 6.0;
						DevelopmentTeam = AH9ECCRA8U;
					};
					A90528CE195ED005004A54C4 = {
						CreatedOnToolsVersion = 6.0;
						TestTargetID = A90528BE195ED005004A54C4;
					};
				};
			};
			buildConfigurationList = A90528BA195ED005004A54C4 /* Build configuration list for PBXProject "iPrescription" */;
			compatibilityVersion = "Xcode 3.2";
			developmentRegion = Italian;
			hasScannedForEncodings = 0;
			knownRegions = (
				it,
				Base,
				en,
			);
			mainGroup = A90528B6195ED005004A54C4;
			productRefGroup = A90528C0195ED005004A54C4 /* Products */;
			projectDirPath = "";
			projectRoot = "";
			targets = (
				A90528BE195ED005004A54C4 /* iPrescription */,
				A90528CE195ED005004A54C4 /* iPrescriptionTests */,
			);
		};
/* End PBXProject section */

/* Begin PBXResourcesBuildPhase section */
		A90528BD195ED005004A54C4 /* Resources */ = {
			isa = PBXResourcesBuildPhase;
			buildActionMask = 2147483647;
			files = (
				A94864491B9DFF72002542D8 /* Localizable.strings in Resources */,
				A94B30AA1B9E04C200EF1E9A /* icona trasparente.png in Resources */,
				A9BF51C719CAE82200F62DC0 /* about-50@2x.png in Resources */,
				A94864441B9DFF72002542D8 /* InfoPlist.strings in Resources */,
				A94864381B9DFDAE002542D8 /* Main2.storyboard in Resources */,
				A97D81A519CC2EFD0010E7A4 /* all_notification.png in Resources */,
				A9E00CC81977E495007AA5B8 /* Opening.m4r in Resources */,
				A9FDA80619805F79002E0F0D /* chord.m4r in Resources */,
				A97D81A319CC2EF60010E7A4 /* add_notification.png in Resources */,
				A9E59BF51B93673800F24C05 /* drug.png in Resources */,
				A94B30BE1B9E103700EF1E9A /* dettaglio.png in Resources */,
				A94B30B61B9E102300EF1E9A /* aggiungi notifica.png in Resources */,
				A96314241B8E21A9005BC7A0 /* LaunchScreen.storyboard in Resources */,
				A9E59BF61B93673800F24C05 /* prescription.png in Resources */,
				A99CA9421993FD5A00A388BD /* alarm_trasparente.png in Resources */,
				A94B30AF1B9E0F1900EF1E9A /* notifica azioni.png in Resources */,
				A90528CA195ED005004A54C4 /* Images.xcassets in Resources */,
				A94B30BA1B9E102D00EF1E9A /* modifica.png in Resources */,
			);
			runOnlyForDeploymentPostprocessing = 0;
		};
		A90528CD195ED005004A54C4 /* Resources */ = {
			isa = PBXResourcesBuildPhase;
			buildActionMask = 2147483647;
			files = (
				A9FDA80719805F79002E0F0D /* chord.m4r in Resources */,
				A948643F1B9DFF71002542D8 /* InfoPlist.strings in Resources */,
			);
			runOnlyForDeploymentPostprocessing = 0;
		};
/* End PBXResourcesBuildPhase section */

/* Begin PBXShellScriptBuildPhase section */
		A9E875FE19CC864F00BC574C /* ShellScript */ = {
			isa = PBXShellScriptBuildPhase;
			buildActionMask = 2147483647;
			files = (
			);
			inputPaths = (
			);
			outputPaths = (
			);
			runOnlyForDeploymentPostprocessing = 0;
			shellPath = /bin/bash;
			shellScript = "buildNumber=$(/usr/libexec/PlistBuddy -c \"Print CFBundleVersion\" \"$INFOPLIST_FILE\")\nbuildNumber=$(($buildNumber + 1))\n/usr/libexec/PlistBuddy -c \"Set :CFBundleVersion $buildNumber\" \"$INFOPLIST_FILE\"";
		};
/* End PBXShellScriptBuildPhase section */

/* Begin PBXSourcesBuildPhase section */
		A90528BB195ED005004A54C4 /* Sources */ = {
			isa = PBXSourcesBuildPhase;
			buildActionMask = 2147483647;
			files = (
				A9EDF9D91B8C753D00AD7408 /* AppDelegate.swift in Sources */,
				A938D48D1B8143E2004DC7B0 /* DrugDetailController.swift in Sources */,
				A9F2B4841B936F130005A688 /* IPrescriptionStyleKit.swift in Sources */,
				A974D64A1966BD4800E27F1B /* PrescriptionTableViewCell.swift in Sources */,
				A9E27B341B8F10F600F537E6 /* InfoPageViewController.swift in Sources */,
				A974D64D1966C05A00E27F1B /* MedicineTableViewCell.swift in Sources */,
				A99CCBA11B7A952200F446A1 /* DrugTableViewController.swift in Sources */,
				A993B63F1B77B9570017349F /* AddDrugFormController.swift in Sources */,
				A9E25E7C1B79255800DAF7EF /* PrescriptionEditingPerformer.swift in Sources */,
				A912E60519D1D18C00DE2DB0 /* ChangeDateTableViewController.swift in Sources */,
				A98FFF661976D54D0059E74A /* AddNotificationTableViewController.swift in Sources */,
				A98D95491B8C6CE50013680B /* SoundManager.swift in Sources */,
				A99CA93D1993D0AB00A388BD /* PageViewController.swift in Sources */,
				A9DCB0D71B8F5F81004ABCBB /* InfoViewController.swift in Sources */,
				A982EFAB1B7678EA008C238E /* PrescriptionList.swift in Sources */,
				A982EFAE1B7680AE008C238E /* PrescriptionTableViewController.swift in Sources */,
				A90528C8195ED005004A54C4 /* iPrescription.xcdatamodeld in Sources */,
				A9E371831B776C9500A69480 /* PrescriptionAddingPerfrmer.swift in Sources */,
				A9D0F95D1B8F78720006E24F /* RateReminder.swift in Sources */,
				A982EFB01B76AD87008C238E /* ModelClasses.swift in Sources */,
				A9DCB0D91B8F5FAF004ABCBB /* FirstTutorialViewController.swift in Sources */,
				A98D27B51B8FC1E000A70E02 /* Extensions.swift in Sources */,
				A9372A951B88D8DF000F696B /* NotifictionsListController.swift in Sources */,
				A94068DE1981B37900149057 /* NotificationTableViewCell.swift in Sources */,
			);
			runOnlyForDeploymentPostprocessing = 0;
		};
		A90528CB195ED005004A54C4 /* Sources */ = {
			isa = PBXSourcesBuildPhase;
			buildActionMask = 2147483647;
			files = (
				A9FB835E1BAB32F20040B7B3 /* ModelLayerTests.swift in Sources */,
			);
			runOnlyForDeploymentPostprocessing = 0;
		};
/* End PBXSourcesBuildPhase section */

/* Begin PBXTargetDependency section */
		A90528D1195ED005004A54C4 /* PBXTargetDependency */ = {
			isa = PBXTargetDependency;
			target = A90528BE195ED005004A54C4 /* iPrescription */;
			targetProxy = A90528D0195ED005004A54C4 /* PBXContainerItemProxy */;
		};
		A940A4A3197ECD2500F7852F /* PBXTargetDependency */ = {
			isa = PBXTargetDependency;
			target = A90528BE195ED005004A54C4 /* iPrescription */;
			targetProxy = A940A4A2197ECD2500F7852F /* PBXContainerItemProxy */;
		};
		A9FB8580197EA53300724D16 /* PBXTargetDependency */ = {
			isa = PBXTargetDependency;
			target = A90528BE195ED005004A54C4 /* iPrescription */;
			targetProxy = A9FB857F197EA53300724D16 /* PBXContainerItemProxy */;
		};
/* End PBXTargetDependency section */

/* Begin PBXVariantGroup section */
		A948643A1B9DFDAE002542D8 /* Main2.storyboard */ = {
			isa = PBXVariantGroup;
			children = (
				A948643B1B9DFDBB002542D8 /* Base */,
				A948643C1B9DFDDB002542D8 /* en */,
			);
			name = Main2.storyboard;
			sourceTree = "<group>";
		};
		A94864411B9DFF71002542D8 /* InfoPlist.strings */ = {
			isa = PBXVariantGroup;
			children = (
				A94864401B9DFF71002542D8 /* en */,
			);
			name = InfoPlist.strings;
			sourceTree = "<group>";
		};
		A94864461B9DFF72002542D8 /* InfoPlist.strings */ = {
			isa = PBXVariantGroup;
			children = (
				A94864451B9DFF72002542D8 /* en */,
			);
			name = InfoPlist.strings;
			sourceTree = "<group>";
		};
		A948644B1B9DFF72002542D8 /* Localizable.strings */ = {
			isa = PBXVariantGroup;
			children = (
				A948644A1B9DFF72002542D8 /* en */,
			);
			name = Localizable.strings;
			sourceTree = "<group>";
		};
		A94B30B11B9E0F1900EF1E9A /* notifica azioni.png */ = {
			isa = PBXVariantGroup;
			children = (
				A94B30B01B9E0F1900EF1E9A /* Base */,
				A94B30B51B9E0FA100EF1E9A /* en */,
			);
			name = "notifica azioni.png";
			sourceTree = "<group>";
		};
		A94B30B81B9E102300EF1E9A /* aggiungi notifica.png */ = {
			isa = PBXVariantGroup;
			children = (
				A94B30B71B9E102300EF1E9A /* Base */,
				A94B30B91B9E102800EF1E9A /* en */,
			);
			name = "aggiungi notifica.png";
			sourceTree = "<group>";
		};
		A94B30BC1B9E102D00EF1E9A /* modifica.png */ = {
			isa = PBXVariantGroup;
			children = (
				A94B30BB1B9E102D00EF1E9A /* Base */,
				A94B30BD1B9E103200EF1E9A /* en */,
			);
			name = modifica.png;
			sourceTree = "<group>";
		};
		A94B30C01B9E103700EF1E9A /* dettaglio.png */ = {
			isa = PBXVariantGroup;
			children = (
				A94B30BF1B9E103700EF1E9A /* Base */,
				A94B30C11B9E103900EF1E9A /* en */,
			);
			name = dettaglio.png;
			sourceTree = "<group>";
		};
/* End PBXVariantGroup section */

/* Begin XCBuildConfiguration section */
		A90528D7195ED005004A54C4 /* Debug */ = {
			isa = XCBuildConfiguration;
			buildSettings = {
				ALWAYS_SEARCH_USER_PATHS = NO;
				CLANG_CXX_LANGUAGE_STANDARD = "gnu++0x";
				CLANG_CXX_LIBRARY = "libc++";
				CLANG_ENABLE_MODULES = YES;
				CLANG_ENABLE_OBJC_ARC = YES;
				CLANG_WARN_BOOL_CONVERSION = YES;
				CLANG_WARN_CONSTANT_CONVERSION = YES;
				CLANG_WARN_DIRECT_OBJC_ISA_USAGE = YES_ERROR;
				CLANG_WARN_EMPTY_BODY = YES;
				CLANG_WARN_ENUM_CONVERSION = YES;
				CLANG_WARN_INT_CONVERSION = YES;
				CLANG_WARN_OBJC_ROOT_CLASS = YES_ERROR;
				CLANG_WARN_UNREACHABLE_CODE = YES;
				CLANG_WARN__DUPLICATE_METHOD_MATCH = YES;
				"CODE_SIGN_IDENTITY[sdk=iphoneos*]" = "iPhone Developer";
				COPY_PHASE_STRIP = NO;
				ENABLE_STRICT_OBJC_MSGSEND = YES;
				ENABLE_TESTABILITY = YES;
				GCC_C_LANGUAGE_STANDARD = gnu99;
				GCC_DYNAMIC_NO_PIC = NO;
				GCC_OPTIMIZATION_LEVEL = 0;
				GCC_PREPROCESSOR_DEFINITIONS = (
					"DEBUG=1",
					"$(inherited)",
				);
				GCC_SYMBOLS_PRIVATE_EXTERN = NO;
				GCC_WARN_64_TO_32_BIT_CONVERSION = YES;
				GCC_WARN_ABOUT_RETURN_TYPE = YES_ERROR;
				GCC_WARN_UNDECLARED_SELECTOR = YES;
				GCC_WARN_UNINITIALIZED_AUTOS = YES_AGGRESSIVE;
				GCC_WARN_UNUSED_FUNCTION = YES;
				GCC_WARN_UNUSED_VARIABLE = YES;
				IPHONEOS_DEPLOYMENT_TARGET = 8.0;
				METAL_ENABLE_DEBUG_INFO = YES;
				ONLY_ACTIVE_ARCH = YES;
				SDKROOT = iphoneos;
				SWIFT_INSTALL_OBJC_HEADER = NO;
				SWIFT_OPTIMIZATION_LEVEL = "-Onone";
			};
			name = Debug;
		};
		A90528D8195ED005004A54C4 /* Release */ = {
			isa = XCBuildConfiguration;
			buildSettings = {
				ALWAYS_SEARCH_USER_PATHS = NO;
				CLANG_CXX_LANGUAGE_STANDARD = "gnu++0x";
				CLANG_CXX_LIBRARY = "libc++";
				CLANG_ENABLE_MODULES = YES;
				CLANG_ENABLE_OBJC_ARC = YES;
				CLANG_WARN_BOOL_CONVERSION = YES;
				CLANG_WARN_CONSTANT_CONVERSION = YES;
				CLANG_WARN_DIRECT_OBJC_ISA_USAGE = YES_ERROR;
				CLANG_WARN_EMPTY_BODY = YES;
				CLANG_WARN_ENUM_CONVERSION = YES;
				CLANG_WARN_INT_CONVERSION = YES;
				CLANG_WARN_OBJC_ROOT_CLASS = YES_ERROR;
				CLANG_WARN_UNREACHABLE_CODE = YES;
				CLANG_WARN__DUPLICATE_METHOD_MATCH = YES;
				"CODE_SIGN_IDENTITY[sdk=iphoneos*]" = "iPhone Developer";
				COPY_PHASE_STRIP = YES;
				ENABLE_NS_ASSERTIONS = NO;
				ENABLE_STRICT_OBJC_MSGSEND = YES;
				GCC_C_LANGUAGE_STANDARD = gnu99;
				GCC_WARN_64_TO_32_BIT_CONVERSION = YES;
				GCC_WARN_ABOUT_RETURN_TYPE = YES_ERROR;
				GCC_WARN_UNDECLARED_SELECTOR = YES;
				GCC_WARN_UNINITIALIZED_AUTOS = YES_AGGRESSIVE;
				GCC_WARN_UNUSED_FUNCTION = YES;
				GCC_WARN_UNUSED_VARIABLE = YES;
				IPHONEOS_DEPLOYMENT_TARGET = 8.0;
				METAL_ENABLE_DEBUG_INFO = NO;
				SDKROOT = iphoneos;
				SWIFT_INSTALL_OBJC_HEADER = NO;
				VALIDATE_PRODUCT = YES;
			};
			name = Release;
		};
		A90528DA195ED005004A54C4 /* Debug */ = {
			isa = XCBuildConfiguration;
			buildSettings = {
				ASSETCATALOG_COMPILER_APPICON_NAME = AppIcon;
				CLANG_ENABLE_MODULES = YES;
				CODE_SIGN_IDENTITY = "iPhone Developer";
				"CODE_SIGN_IDENTITY[sdk=iphoneos*]" = "iPhone Developer";
				INFOPLIST_FILE = iPrescription/Info.plist;
				IPHONEOS_DEPLOYMENT_TARGET = 8.0;
				LD_RUNPATH_SEARCH_PATHS = "$(inherited) @executable_path/Frameworks";
				PRODUCT_BUNDLE_IDENTIFIER = "com.stain.$(PRODUCT_NAME:rfc1034identifier)";
				PRODUCT_NAME = iPrescription;
				PROVISIONING_PROFILE = "";
				SWIFT_INSTALL_OBJC_HEADER = NO;
				SWIFT_OPTIMIZATION_LEVEL = "-Onone";
				TARGETED_DEVICE_FAMILY = 1;
			};
			name = Debug;
		};
		A90528DB195ED005004A54C4 /* Release */ = {
			isa = XCBuildConfiguration;
			buildSettings = {
				ASSETCATALOG_COMPILER_APPICON_NAME = AppIcon;
				CLANG_ENABLE_MODULES = YES;
				CODE_SIGN_IDENTITY = "iPhone Developer";
				"CODE_SIGN_IDENTITY[sdk=iphoneos*]" = "iPhone Developer";
				INFOPLIST_FILE = iPrescription/Info.plist;
				IPHONEOS_DEPLOYMENT_TARGET = 8.0;
				LD_RUNPATH_SEARCH_PATHS = "$(inherited) @executable_path/Frameworks";
				PRODUCT_BUNDLE_IDENTIFIER = "com.stain.$(PRODUCT_NAME:rfc1034identifier)";
				PRODUCT_NAME = iPrescription;
				PROVISIONING_PROFILE = "";
				SWIFT_INSTALL_OBJC_HEADER = NO;
				TARGETED_DEVICE_FAMILY = 1;
			};
			name = Release;
		};
		A90528DD195ED005004A54C4 /* Debug */ = {
			isa = XCBuildConfiguration;
			buildSettings = {
				BUNDLE_LOADER = "$(BUILT_PRODUCTS_DIR)/iPrescription.app/iPrescription";
				FRAMEWORK_SEARCH_PATHS = "$(inherited)";
				GCC_PREPROCESSOR_DEFINITIONS = (
					"DEBUG=1",
					"$(inherited)",
				);
				INFOPLIST_FILE = iPrescriptionTests/Info.plist;
				LD_RUNPATH_SEARCH_PATHS = "$(inherited) @executable_path/Frameworks @loader_path/Frameworks";
				METAL_ENABLE_DEBUG_INFO = YES;
				PRODUCT_BUNDLE_IDENTIFIER = "com.stain.${PRODUCT_NAME:rfc1034identifier}";
				PRODUCT_NAME = iPrescriptionTests;
				TEST_HOST = "$(BUNDLE_LOADER)";
			};
			name = Debug;
		};
		A90528DE195ED005004A54C4 /* Release */ = {
			isa = XCBuildConfiguration;
			buildSettings = {
				BUNDLE_LOADER = "$(BUILT_PRODUCTS_DIR)/iPrescription.app/iPrescription";
				FRAMEWORK_SEARCH_PATHS = "$(inherited)";
				INFOPLIST_FILE = iPrescriptionTests/Info.plist;
				LD_RUNPATH_SEARCH_PATHS = "$(inherited) @executable_path/Frameworks @loader_path/Frameworks";
				METAL_ENABLE_DEBUG_INFO = NO;
				PRODUCT_BUNDLE_IDENTIFIER = "com.stain.${PRODUCT_NAME:rfc1034identifier}";
				PRODUCT_NAME = iPrescriptionTests;
				TEST_HOST = "$(BUNDLE_LOADER)";
			};
			name = Release;
		};
/* End XCBuildConfiguration section */

/* Begin XCConfigurationList section */
		A90528BA195ED005004A54C4 /* Build configuration list for PBXProject "iPrescription" */ = {
			isa = XCConfigurationList;
			buildConfigurations = (
				A90528D7195ED005004A54C4 /* Debug */,
				A90528D8195ED005004A54C4 /* Release */,
			);
			defaultConfigurationIsVisible = 0;
			defaultConfigurationName = Release;
		};
		A90528D9195ED005004A54C4 /* Build configuration list for PBXNativeTarget "iPrescription" */ = {
			isa = XCConfigurationList;
			buildConfigurations = (
				A90528DA195ED005004A54C4 /* Debug */,
				A90528DB195ED005004A54C4 /* Release */,
			);
			defaultConfigurationIsVisible = 0;
			defaultConfigurationName = Release;
		};
		A90528DC195ED005004A54C4 /* Build configuration list for PBXNativeTarget "iPrescriptionTests" */ = {
			isa = XCConfigurationList;
			buildConfigurations = (
				A90528DD195ED005004A54C4 /* Debug */,
				A90528DE195ED005004A54C4 /* Release */,
			);
			defaultConfigurationIsVisible = 0;
			defaultConfigurationName = Release;
		};
/* End XCConfigurationList section */

/* Begin XCVersionGroup section */
		A90528C6195ED005004A54C4 /* iPrescription.xcdatamodeld */ = {
			isa = XCVersionGroup;
			children = (
				A925F48119C6249600024C84 /* iPrescription 1.0.1a.xcdatamodel */,
				A90528C7195ED005004A54C4 /* iPrescription.xcdatamodel */,
			);
			currentVersion = A925F48119C6249600024C84 /* iPrescription 1.0.1a.xcdatamodel */;
			path = iPrescription.xcdatamodeld;
			sourceTree = "<group>";
			versionGroupType = wrapper.xcdatamodel;
		};
/* End XCVersionGroup section */
	};
	rootObject = A90528B7195ED005004A54C4 /* Project object */;
}
